
Microsoft Visual Studio Solution File, Format Version 12.00
# Visual Studio Version 17
VisualStudioVersion = 17.11.35312.102
MinimumVisualStudioVersion = 10.0.40219.1
Project("{8BC9CEB8-8B4A-11D0-8D11-00A0C91BC942}") = "Practica01", "Practica01\Practica01.vcxproj", "{B2A49EA0-E881-422C-A9CF-40CB32936D5A}"
EndProject
Global
	GlobalSection(SolutionConfigurationPlatforms) = preSolution
		Debug|x64 = Debug|x64
		Debug|x86 = Debug|x86
		Release|x64 = Release|x64
		Release|x86 = Release|x86
	EndGlobalSection
	GlobalSection(ProjectConfigurationPlatforms) = postSolution
		{B2A49EA0-E881-422C-A9CF-40CB32936D5A}.Debug|x64.ActiveCfg = Debug|x64
		{B2A49EA0-E881-422C-A9CF-40CB32936D5A}.Debug|x64.Build.0 = Debug|x64
		{B2A49EA0-E881-422C-A9CF-40CB32936D5A}.Debug|x86.ActiveCfg = Debug|Win32
		{B2A49EA0-E881-422C-A9CF-40CB32936D5A}.Debug|x86.Build.0 = Debug|Win32
		{B2A49EA0-E881-422C-A9CF-40CB32936D5A}.Release|x64.ActiveCfg = Release|x64
		{B2A49EA0-E881-422C-A9CF-40CB32936D5A}.Release|x64.Build.0 = Release|x64
		{B2A49EA0-E881-422C-A9CF-40CB32936D5A}.Release|x86.ActiveCfg = Release|Win32
		{B2A49EA0-E881-422C-A9CF-40CB32936D5A}.Release|x86.Build.0 = Release|Win32
	EndGlobalSection
	GlobalSection(SolutionProperties) = preSolution
		HideSolutionNode = FALSE
	EndGlobalSection
	GlobalSection(ExtensibilityGlobals) = postSolution
		SolutionGuid = {CFC9D701-EA49-4E29-92ED-2E2F65EEF616}
	EndGlobalSection
EndGlobal
